
Microsoft Visual Studio Solution File, Format Version 12.00
# Visual Studio Version 17
VisualStudioVersion = 17.8.34330.188
MinimumVisualStudioVersion = 10.0.40219.1
Project("{FAE04EC0-301F-11D3-BF4B-00C04F79EFBC}") = "VRChatApp", "VRChatApp\VRChatApp.csproj", "{05B79B2E-6972-478F-AE48-49C31E17B375}"
EndProject
Global
	GlobalSection(SolutionConfigurationPlatforms) = preSolution
		Debug|Any CPU = Debug|Any CPU
		Release|Any CPU = Release|Any CPU
	EndGlobalSection
	GlobalSection(ProjectConfigurationPlatforms) = postSolution
		{05B79B2E-6972-478F-AE48-49C31E17B375}.Debug|Any CPU.ActiveCfg = Debug|Any CPU
		{05B79B2E-6972-478F-AE48-49C31E17B375}.Debug|Any CPU.Build.0 = Debug|Any CPU
		{05B79B2E-6972-478F-AE48-49C31E17B375}.Release|Any CPU.ActiveCfg = Release|Any CPU
		{05B79B2E-6972-478F-AE48-49C31E17B375}.Release|Any CPU.Build.0 = Release|Any CPU
	EndGlobalSection
	GlobalSection(SolutionProperties) = preSolution
		HideSolutionNode = FALSE
	EndGlobalSection
	GlobalSection(ExtensibilityGlobals) = postSolution
		SolutionGuid = {F6CC6D59-70E1-40E2-A311-26008776C793}
	EndGlobalSection
EndGlobal
